
Microsoft Visual Studio Solution File, Format Version 12.00
# Visual Studio Version 17
VisualStudioVersion = 17.11.35312.102
MinimumVisualStudioVersion = 10.0.40219.1
Project("{9A19103F-16F7-4668-BE54-9A1E7A4F7556}") = "co2unter.API", "co2unter.API\co2unter.API.csproj", "{B64EBAD5-8720-4FB3-ACB6-C6BC3BA6AD68}"
EndProject
Project("{9A19103F-16F7-4668-BE54-9A1E7A4F7556}") = "co2unter.CLI", "co2unter.CLI\co2unter.CLI.csproj", "{F055D4F2-A319-4C4F-9CCA-DE575EBBE991}"
EndProject
Global
	GlobalSection(SolutionConfigurationPlatforms) = preSolution
		Debug|Any CPU = Debug|Any CPU
		Release|Any CPU = Release|Any CPU
	EndGlobalSection
	GlobalSection(ProjectConfigurationPlatforms) = postSolution
		{B64EBAD5-8720-4FB3-ACB6-C6BC3BA6AD68}.Debug|Any CPU.ActiveCfg = Debug|Any CPU
		{B64EBAD5-8720-4FB3-ACB6-C6BC3BA6AD68}.Debug|Any CPU.Build.0 = Debug|Any CPU
		{B64EBAD5-8720-4FB3-ACB6-C6BC3BA6AD68}.Release|Any CPU.ActiveCfg = Release|Any CPU
		{B64EBAD5-8720-4FB3-ACB6-C6BC3BA6AD68}.Release|Any CPU.Build.0 = Release|Any CPU
		{F055D4F2-A319-4C4F-9CCA-DE575EBBE991}.Debug|Any CPU.ActiveCfg = Debug|Any CPU
		{F055D4F2-A319-4C4F-9CCA-DE575EBBE991}.Debug|Any CPU.Build.0 = Debug|Any CPU
		{F055D4F2-A319-4C4F-9CCA-DE575EBBE991}.Release|Any CPU.ActiveCfg = Release|Any CPU
		{F055D4F2-A319-4C4F-9CCA-DE575EBBE991}.Release|Any CPU.Build.0 = Release|Any CPU
	EndGlobalSection
	GlobalSection(SolutionProperties) = preSolution
		HideSolutionNode = FALSE
	EndGlobalSection
	GlobalSection(ExtensibilityGlobals) = postSolution
		SolutionGuid = {18C7803A-D604-47AE-9B16-F38DBADBAAB2}
	EndGlobalSection
EndGlobal
